{
    "_readme": [
        "This file locks the dependencies of your project to a known state",
        "Read more about it at https://getcomposer.org/doc/01-basic-usage.md#installing-dependencies",
        "This file is @generated automatically"
    ],
    "content-hash": "a13c24972fa67cecf1cb609fd0811517",
    "packages": [
        {
            "name": "deemru/blake2b",
            "version": "1.0.1",
            "source": {
                "type": "git",
                "url": "https://github.com/deemru/Blake2b.git",
                "reference": "d7bd270d820fcad53b9a30a620075f4039cd6967"
            },
            "dist": {
                "type": "zip",
                "url": "https://api.github.com/repos/deemru/Blake2b/zipball/d7bd270d820fcad53b9a30a620075f4039cd6967",
                "reference": "d7bd270d820fcad53b9a30a620075f4039cd6967",
                "shasum": ""
            },
            "require": {
                "php": ">=5.4"
            },
            "type": "library",
            "autoload": {
                "psr-4": {
                    "deemru\\": "src/"
                }
            },
            "notification-url": "https://packagist.org/downloads/",
            "license": [
                "MIT"
            ],
            "authors": [
                {
                    "name": "Dmitrii Pichulin",
                    "email": "deem@deem.ru"
                }
            ],
            "description": "BLAKE2 hash function on pure PHP",
            "homepage": "https://github.com/deemru/Blake2b",
            "keywords": [
                "BLAKE2",
                "BLAKE2b",
                "blake2b256",
                "hash",
                "wavesplatform"
            ],
            "support": {
                "issues": "https://github.com/deemru/Blake2b/issues",
                "source": "https://github.com/deemru/Blake2b/tree/master"
            },
            "time": "2019-02-03T14:36:24+00:00"
        },
        {
            "name": "fgrosse/phpasn1",
            "version": "v2.3.0",
            "source": {
                "type": "git",
                "url": "https://github.com/fgrosse/PHPASN1.git",
                "reference": "20299033c35f4300eb656e7e8e88cf52d1d6694e"
            },
            "dist": {
                "type": "zip",
                "url": "https://api.github.com/repos/fgrosse/PHPASN1/zipball/20299033c35f4300eb656e7e8e88cf52d1d6694e",
                "reference": "20299033c35f4300eb656e7e8e88cf52d1d6694e",
                "shasum": ""
            },
            "require": {
                "php": ">=7.0.0"
            },
            "require-dev": {
                "phpunit/phpunit": "~6.3",
                "satooshi/php-coveralls": "~2.0"
            },
            "suggest": {
                "ext-bcmath": "BCmath is the fallback extension for big integer calculations",
                "ext-curl": "For loading OID information from the web if they have not bee defined statically",
                "ext-gmp": "GMP is the preferred extension for big integer calculations",
                "phpseclib/bcmath_compat": "BCmath polyfill for servers where neither GMP nor BCmath is available"
            },
            "type": "library",
            "extra": {
                "branch-alias": {
                    "dev-master": "2.0.x-dev"
                }
            },
            "autoload": {
                "psr-4": {
                    "FG\\": "lib/"
                }
            },
            "notification-url": "https://packagist.org/downloads/",
            "license": [
                "MIT"
            ],
            "authors": [
                {
                    "name": "Friedrich Große",
                    "email": "friedrich.grosse@gmail.com",
                    "homepage": "https://github.com/FGrosse",
                    "role": "Author"
                },
                {
                    "name": "All contributors",
                    "homepage": "https://github.com/FGrosse/PHPASN1/contributors"
                }
            ],
            "description": "A PHP Framework that allows you to encode and decode arbitrary ASN.1 structures using the ITU-T X.690 Encoding Rules.",
            "homepage": "https://github.com/FGrosse/PHPASN1",
            "keywords": [
                "DER",
                "asn.1",
                "asn1",
                "ber",
                "binary",
                "decoding",
                "encoding",
                "x.509",
                "x.690",
                "x509",
                "x690"
            ],
            "support": {
                "issues": "https://github.com/fgrosse/PHPASN1/issues",
                "source": "https://github.com/fgrosse/PHPASN1/tree/v2.3.0"
            },
            "time": "2021-04-24T19:01:55+00:00"
        },
        {
            "name": "ionux/phactor",
            "version": "v1.0.8",
            "source": {
                "type": "git",
                "url": "https://github.com/ionux/phactor.git",
                "reference": "271373b65cffe75a8c28f7f8c392fe460251f4f7"
            },
            "dist": {
                "type": "zip",
                "url": "https://api.github.com/repos/ionux/phactor/zipball/271373b65cffe75a8c28f7f8c392fe460251f4f7",
                "reference": "271373b65cffe75a8c28f7f8c392fe460251f4f7",
                "shasum": ""
            },
            "require": {
                "ext-bcmath": "*",
                "ext-openssl": "*",
                "php": ">=5.6.0"
            },
            "require-dev": {
                "phpunit/phpunit": "^5.7.9"
            },
            "suggest": {
                "ext-gmp": "Highest performing math library and preferred for this library's Elliptic Curve calculations."
            },
            "type": "library",
            "autoload": {
                "psr-4": {
                    "Phactor\\": "src/"
                }
            },
            "notification-url": "https://packagist.org/downloads/",
            "license": [
                "MIT"
            ],
            "authors": [
                {
                    "name": "Rich Morgan",
                    "email": "rich@richmorgan.me",
                    "role": "Creator and Lead Developer"
                }
            ],
            "description": "Phactor is a high-performance PHP implementation of the elliptic curve math functions required to generate & verify private/public (asymmetric) EC keypairs and ECDSA signatures based on secp256k1 curve parameters. This library also includes a class to generate Service Identification Numbers (SINs) based on the published Identity Protocol v1 spec.",
            "homepage": "https://github.com/ionux/phactor",
            "keywords": [
                "Algorithm",
                "BIP",
                "ECDSA",
                "SIN",
                "arbitrary",
                "asymmetric",
                "base",
                "base58",
                "bcmath",
                "binary",
                "bitcoin",
                "calculator",
                "coprime",
                "crypto",
                "cryptography",
                "curve",
                "digital",
                "dsa",
                "ec",
                "elliptic",
                "encryption",
                "generate",
                "gmp",
                "hex",
                "identification",
                "identity",
                "integer",
                "key",
                "keygen",
                "keypair",
                "keys",
                "library",
                "math",
                "number",
                "performance",
                "phactor",
                "precision",
                "prime",
                "private",
                "protocol",
                "public",
                "secp256k1",
                "service",
                "signature",
                "verify"
            ],
            "support": {
                "email": "rich@richmorgan.me",
                "issues": "https://github.com/ionux/phactor/issues",
                "source": "https://github.com/ionux/phactor"
            },
            "time": "2018-04-27T16:49:28+00:00"
        },
        {
            "name": "mdanter/ecc",
            "version": "v1.0.0",
            "source": {
                "type": "git",
                "url": "https://github.com/phpecc/phpecc.git",
                "reference": "34e2eec096bf3dcda814e8f66dd91ae87a2db7cd"
            },
            "dist": {
                "type": "zip",
                "url": "https://api.github.com/repos/phpecc/phpecc/zipball/34e2eec096bf3dcda814e8f66dd91ae87a2db7cd",
                "reference": "34e2eec096bf3dcda814e8f66dd91ae87a2db7cd",
                "shasum": ""
            },
            "require": {
                "ext-gmp": "*",
                "fgrosse/phpasn1": "^2.0",
                "php": "^7.0||^8.0"
            },
            "require-dev": {
                "phpunit/phpunit": "^6.0||^8.0||^9.0",
                "squizlabs/php_codesniffer": "^2.0",
                "symfony/yaml": "^2.6|^3.0"
            },
            "type": "library",
            "autoload": {
                "psr-4": {
                    "Mdanter\\Ecc\\": "src/"
                }
            },
            "notification-url": "https://packagist.org/downloads/",
            "license": [
                "MIT"
            ],
            "authors": [
                {
                    "name": "Matyas Danter",
                    "homepage": "http://matejdanter.com/",
                    "role": "Author"
                },
                {
                    "name": "Thibaud Fabre",
                    "email": "thibaud@aztech.io",
                    "homepage": "http://aztech.io",
                    "role": "Maintainer"
                },
                {
                    "name": "Thomas Kerin",
                    "email": "afk11@users.noreply.github.com",
                    "role": "Maintainer"
                }
            ],
            "description": "PHP Elliptic Curve Cryptography library",
            "homepage": "https://github.com/phpecc/phpecc",
            "keywords": [
                "Diffie",
                "ECDSA",
                "Hellman",
                "curve",
                "ecdh",
                "elliptic",
                "nistp192",
                "nistp224",
                "nistp256",
                "nistp384",
                "nistp521",
                "phpecc",
                "secp256k1",
                "secp256r1"
            ],
            "support": {
                "issues": "https://github.com/phpecc/phpecc/issues",
                "source": "https://github.com/phpecc/phpecc/tree/v1.0.0"
            },
            "time": "2021-01-16T19:42:14+00:00"
        }
    ],
    "packages-dev": [],
    "aliases": [],
    "minimum-stability": "stable",
    "stability-flags": [],
    "prefer-stable": false,
    "prefer-lowest": false,
    "platform": {
        "php": ">=7.4",
        "ext-curl": "*",
        "ext-json": "*",
        "ext-openssl": "*",
        "ext-sodium": "*",
        "ext-gmp": "*"
    },
    "platform-dev": [],
    "plugin-api-version": "2.0.0"
}
